
Microsoft Visual Studio Solution File, Format Version 12.00
# Visual Studio Version 17
VisualStudioVersion = 17.4.33213.308
MinimumVisualStudioVersion = 10.0.40219.1
Project("{8BC9CEB8-8B4A-11D0-8D11-00A0C91BC942}") = "Metods_2", "Metods_2.vcxproj", "{33D108F8-DD92-4503-B3A7-F3EC4CF7999E}"
EndProject
Global
	GlobalSection(SolutionConfigurationPlatforms) = preSolution
		Debug|x64 = Debug|x64
		Debug|x86 = Debug|x86
		Release|x64 = Release|x64
		Release|x86 = Release|x86
	EndGlobalSection
	GlobalSection(ProjectConfigurationPlatforms) = postSolution
		{33D108F8-DD92-4503-B3A7-F3EC4CF7999E}.Debug|x64.ActiveCfg = Debug|x64
		{33D108F8-DD92-4503-B3A7-F3EC4CF7999E}.Debug|x64.Build.0 = Debug|x64
		{33D108F8-DD92-4503-B3A7-F3EC4CF7999E}.Debug|x86.ActiveCfg = Debug|Win32
		{33D108F8-DD92-4503-B3A7-F3EC4CF7999E}.Debug|x86.Build.0 = Debug|Win32
		{33D108F8-DD92-4503-B3A7-F3EC4CF7999E}.Release|x64.ActiveCfg = Release|x64
		{33D108F8-DD92-4503-B3A7-F3EC4CF7999E}.Release|x64.Build.0 = Release|x64
		{33D108F8-DD92-4503-B3A7-F3EC4CF7999E}.Release|x86.ActiveCfg = Release|Win32
		{33D108F8-DD92-4503-B3A7-F3EC4CF7999E}.Release|x86.Build.0 = Release|Win32
	EndGlobalSection
	GlobalSection(SolutionProperties) = preSolution
		HideSolutionNode = FALSE
	EndGlobalSection
	GlobalSection(ExtensibilityGlobals) = postSolution
		SolutionGuid = {E957A68E-B80C-4D1D-8399-47C0300E2C55}
	EndGlobalSection
EndGlobal
